
Microsoft Visual Studio Solution File, Format Version 12.00
# Visual Studio Version 17
VisualStudioVersion = 17.5.002.0
MinimumVisualStudioVersion = 10.0.40219.1
Project("{9A19103F-16F7-4668-BE54-9A1E7A4F7556}") = "VSBlog", "VSBlog.csproj", "{FD411A77-DBDD-4CC3-86EC-C98D496708D0}"
EndProject
Global
	GlobalSection(SolutionConfigurationPlatforms) = preSolution
		Debug|Any CPU = Debug|Any CPU
		Release|Any CPU = Release|Any CPU
	EndGlobalSection
	GlobalSection(ProjectConfigurationPlatforms) = postSolution
		{FD411A77-DBDD-4CC3-86EC-C98D496708D0}.Debug|Any CPU.ActiveCfg = Debug|Any CPU
		{FD411A77-DBDD-4CC3-86EC-C98D496708D0}.Debug|Any CPU.Build.0 = Debug|Any CPU
		{FD411A77-DBDD-4CC3-86EC-C98D496708D0}.Release|Any CPU.ActiveCfg = Release|Any CPU
		{FD411A77-DBDD-4CC3-86EC-C98D496708D0}.Release|Any CPU.Build.0 = Release|Any CPU
	EndGlobalSection
	GlobalSection(SolutionProperties) = preSolution
		HideSolutionNode = FALSE
	EndGlobalSection
	GlobalSection(ExtensibilityGlobals) = postSolution
		SolutionGuid = {BFEAE54A-CA5F-49E0-96DD-55010B273FE1}
	EndGlobalSection
EndGlobal
